
Microsoft Visual Studio Solution File, Format Version 12.00
# Visual Studio 2013
VisualStudioVersion = 12.0.40629.0
MinimumVisualStudioVersion = 10.0.40219.1
Project("{8BC9CEB8-8B4A-11D0-8D11-00A0C91BC942}") = "neural_ai", "neural_ai.vcxproj", "{4DA5BE77-CED1-4A52-BB69-6F601B825D53}"
EndProject
Project("{8BC9CEB8-8B4A-11D0-8D11-00A0C91BC942}") = "testZone", "testZone.vcxproj", "{F2F4DED1-B86A-441E-B6DB-9A066DFB1FC4}"
EndProject
Global
	GlobalSection(SolutionConfigurationPlatforms) = preSolution
		Debug|Win32 = Debug|Win32
		Release|Win32 = Release|Win32
	EndGlobalSection
	GlobalSection(ProjectConfigurationPlatforms) = postSolution
		{4DA5BE77-CED1-4A52-BB69-6F601B825D53}.Debug|Win32.ActiveCfg = Debug|Win32
		{4DA5BE77-CED1-4A52-BB69-6F601B825D53}.Debug|Win32.Build.0 = Debug|Win32
		{4DA5BE77-CED1-4A52-BB69-6F601B825D53}.Release|Win32.ActiveCfg = Release|Win32
		{4DA5BE77-CED1-4A52-BB69-6F601B825D53}.Release|Win32.Build.0 = Release|Win32
		{F2F4DED1-B86A-441E-B6DB-9A066DFB1FC4}.Debug|Win32.ActiveCfg = Debug|Win32
		{F2F4DED1-B86A-441E-B6DB-9A066DFB1FC4}.Debug|Win32.Build.0 = Debug|Win32
		{F2F4DED1-B86A-441E-B6DB-9A066DFB1FC4}.Release|Win32.ActiveCfg = Release|Win32
		{F2F4DED1-B86A-441E-B6DB-9A066DFB1FC4}.Release|Win32.Build.0 = Release|Win32
	EndGlobalSection
	GlobalSection(SolutionProperties) = preSolution
		HideSolutionNode = FALSE
	EndGlobalSection
EndGlobal
